// !$*UTF8*$!
{
	archiveVersion = 1;
	classes = {
	};
	objectVersion = 46;
	objects = {

/* Begin PBXBuildFile section */
		36E24C301C882B8100DF59C9 /* main.m in Sources */ = {isa = PBXBuildFile; fileRef = 36E24C2F1C882B8100DF59C9 /* main.m */; };
		36E24C331C882B8100DF59C9 /* AppDelegate.m in Sources */ = {isa = PBXBuildFile; fileRef = 36E24C321C882B8100DF59C9 /* AppDelegate.m */; };
		36E24C361C882B8100DF59C9 /* ViewController.m in Sources */ = {isa = PBXBuildFile; fileRef = 36E24C351C882B8100DF59C9 /* ViewController.m */; };
		36E24C391C882B8100DF59C9 /* Main.storyboard in Resources */ = {isa = PBXBuildFile; fileRef = 36E24C371C882B8100DF59C9 /* Main.storyboard */; };
		36E24C3B1C882B8100DF59C9 /* Assets.xcassets in Resources */ = {isa = PBXBuildFile; fileRef = 36E24C3A1C882B8100DF59C9 /* Assets.xcassets */; };
		36E24C3E1C882B8100DF59C9 /* LaunchScreen.storyboard in Resources */ = {isa = PBXBuildFile; fileRef = 36E24C3C1C882B8100DF59C9 /* LaunchScreen.storyboard */; };
		36E24C491C882B8100DF59C9 /* ___Tests.m in Sources */ = {isa = PBXBuildFile; fileRef = 36E24C481C882B8100DF59C9 /* ___Tests.m */; };
		36E24C541C882B8100DF59C9 /* ___UITests.m in Sources */ = {isa = PBXBuildFile; fileRef = 36E24C531C882B8100DF59C9 /* ___UITests.m */; };
/* End PBXBuildFile section */

/* Begin PBXContainerItemProxy section */
		36E24C451C882B8100DF59C9 /* PBXContainerItemProxy */ = {
			isa = PBXContainerItemProxy;
			containerPortal = 36E24C231C882B8100DF59C9 /* Project object */;
			proxyType = 1;
			remoteGlobalIDString = 36E24C2A1C882B8100DF59C9;
			remoteInfo = "钥匙串";
		};
		36E24C501C882B8100DF59C9 /* PBXContainerItemProxy */ = {
			isa = PBXContainerItemProxy;
			containerPortal = 36E24C231C882B8100DF59C9 /* Project object */;
			proxyType = 1;
			remoteGlobalIDString = 36E24C2A1C882B8100DF59C9;
			remoteInfo = "钥匙串";
		};
/* End PBXContainerItemProxy section */

/* Begin PBXFileReference section */
		36E24C2B1C882B8100DF59C9 /* 钥匙串.app */ = {isa = PBXFileReference; explicitFileType = wrapper.application; includeInIndex = 0; path = "钥匙串.app"; sourceTree = BUILT_PRODUCTS_DIR; };
		36E24C2F1C882B8100DF59C9 /* main.m */ = {isa = PBXFileReference; lastKnownFileType = sourcecode.c.objc; path = main.m; sourceTree = "<group>"; };
		36E24C311C882B8100DF59C9 /* AppDelegate.h */ = {isa = PBXFileReference; lastKnownFileType = sourcecode.c.h; path = AppDelegate.h; sourceTree = "<group>"; };
		36E24C321C882B8100DF59C9 /* AppDelegate.m */ = {isa = PBXFileReference; lastKnownFileType = sourcecode.c.objc; path = AppDelegate.m; sourceTree = "<group>"; };
		36E24C341C882B8100DF59C9 /* ViewController.h */ = {isa = PBXFileReference; lastKnownFileType = sourcecode.c.h; path = ViewController.h; sourceTree = "<group>"; };
		36E24C351C882B8100DF59C9 /* ViewController.m */ = {isa = PBXFileReference; lastKnownFileType = sourcecode.c.objc; path = ViewController.m; sourceTree = "<group>"; };
		36E24C381C882B8100DF59C9 /* Base */ = {isa = PBXFileReference; lastKnownFileType = file.storyboard; name = Base; path = Base.lproj/Main.storyboard; sourceTree = "<group>"; };
		36E24C3A1C882B8100DF59C9 /* Assets.xcassets */ = {isa = PBXFileReference; lastKnownFileType = folder.assetcatalog; path = Assets.xcassets; sourceTree = "<group>"; };
		36E24C3D1C882B8100DF59C9 /* Base */ = {isa = PBXFileReference; lastKnownFileType = file.storyboard; name = Base; path = Base.lproj/LaunchScreen.storyboard; sourceTree = "<group>"; };
		36E24C3F1C882B8100DF59C9 /* Info.plist */ = {isa = PBXFileReference; lastKnownFileType = text.plist.xml; path = Info.plist; sourceTree = "<group>"; };
		36E24C441C882B8100DF59C9 /* 钥匙串Tests.xctest */ = {isa = PBXFileReference; explicitFileType = wrapper.cfbundle; includeInIndex = 0; path = "钥匙串Tests.xctest"; sourceTree = BUILT_PRODUCTS_DIR; };
		36E24C481C882B8100DF59C9 /* ___Tests.m */ = {isa = PBXFileReference; lastKnownFileType = sourcecode.c.objc; path = "___Tests.m"; sourceTree = "<group>"; };
		36E24C4A1C882B8100DF59C9 /* Info.plist */ = {isa = PBXFileReference; lastKnownFileType = text.plist.xml; path = Info.plist; sourceTree = "<group>"; };
		36E24C4F1C882B8100DF59C9 /* 钥匙串UITests.xctest */ = {isa = PBXFileReference; explicitFileType = wrapper.cfbundle; includeInIndex = 0; path = "钥匙串UITests.xctest"; sourceTree = BUILT_PRODUCTS_DIR; };
		36E24C531C882B8100DF59C9 /* ___UITests.m */ = {isa = PBXFileReference; lastKnownFileType = sourcecode.c.objc; path = "___UITests.m"; sourceTree = "<group>"; };
		36E24C551C882B8100DF59C9 /* Info.plist */ = {isa = PBXFileReference; lastKnownFileType = text.plist.xml; path = Info.plist; sourceTree = "<group>"; };
/* End PBXFileReference section */

/* Begin PBXFrameworksBuildPhase section */
		36E24C281C882B8100DF59C9 /* Frameworks */ = {
			isa = PBXFrameworksBuildPhase;
			buildActionMask = 2147483647;
			files = (
			);
			runOnlyForDeploymentPostprocessing = 0;
		};
		36E24C411C882B8100DF59C9 /* Frameworks */ = {
			isa = PBXFrameworksBuildPhase;
			buildActionMask = 2147483647;
			files = (
			);
			runOnlyForDeploymentPostprocessing = 0;
		};
		36E24C4C1C882B8100DF59C9 /* Frameworks */ = {
			isa = PBXFrameworksBuildPhase;
			buildActionMask = 2147483647;
			files = (
			);
			runOnlyForDeploymentPostprocessing = 0;
		};
/* End PBXFrameworksBuildPhase section */

/* Begin PBXGroup section */
		36E24C221C882B8100DF59C9 = {
			isa = PBXGroup;
			children = (
				36E24C2D1C882B8100DF59C9 /* 钥匙串 */,
				36E24C471C882B8100DF59C9 /* 钥匙串Tests */,
				36E24C521C882B8100DF59C9 /* 钥匙串UITests */,
				36E24C2C1C882B8100DF59C9 /* Products */,
			);
			sourceTree = "<group>";
		};
		36E24C2C1C882B8100DF59C9 /* Products */ = {
			isa = PBXGroup;
			children = (
				36E24C2B1C882B8100DF59C9 /* 钥匙串.app */,
				36E24C441C882B8100DF59C9 /* 钥匙串Tests.xctest */,
				36E24C4F1C882B8100DF59C9 /* 钥匙串UITests.xctest */,
			);
			name = Products;
			sourceTree = "<group>";
		};
		36E24C2D1C882B8100DF59C9 /* 钥匙串 */ = {
			isa = PBXGroup;
			children = (
				36E24C311C882B8100DF59C9 /* AppDelegate.h */,
				36E24C321C882B8100DF59C9 /* AppDelegate.m */,
				36E24C341C882B8100DF59C9 /* ViewController.h */,
				36E24C351C882B8100DF59C9 /* ViewController.m */,
				36E24C371C882B8100DF59C9 /* Main.storyboard */,
				36E24C3A1C882B8100DF59C9 /* Assets.xcassets */,
				36E24C3C1C882B8100DF59C9 /* LaunchScreen.storyboard */,
				36E24C3F1C882B8100DF59C9 /* Info.plist */,
				36E24C2E1C882B8100DF59C9 /* Supporting Files */,
			);
			path = "钥匙串";
			sourceTree = "<group>";
		};
		36E24C2E1C882B8100DF59C9 /* Supporting Files */ = {
			isa = PBXGroup;
			children = (
				36E24C2F1C882B8100DF59C9 /* main.m */,
			);
			name = "Supporting Files";
			sourceTree = "<group>";
		};
		36E24C471C882B8100DF59C9 /* 钥匙串Tests */ = {
			isa = PBXGroup;
			children = (
				36E24C481C882B8100DF59C9 /* ___Tests.m */,
				36E24C4A1C882B8100DF59C9 /* Info.plist */,
			);
			path = "钥匙串Tests";
			sourceTree = "<group>";
		};
		36E24C521C882B8100DF59C9 /* 钥匙串UITests */ = {
			isa = PBXGroup;
			children = (
				36E24C531C882B8100DF59C9 /* ___UITests.m */,
				36E24C551C882B8100DF59C9 /* Info.plist */,
			);
			path = "钥匙串UITests";
			sourceTree = "<group>";
		};
/* End PBXGroup section */

/* Begin PBXNativeTarget section */
		36E24C2A1C882B8100DF59C9 /* 钥匙串 */ = {
			isa = PBXNativeTarget;
			buildConfigurationList = 36E24C581C882B8100DF59C9 /* Build configuration list for PBXNativeTarget "钥匙串" */;
			buildPhases = (
				36E24C271C882B8100DF59C9 /* Sources */,
				36E24C281C882B8100DF59C9 /* Frameworks */,
				36E24C291C882B8100DF59C9 /* Resources */,
			);
			buildRules = (
			);
			dependencies = (
			);
			name = "钥匙串";
			productName = "钥匙串";
			productReference = 36E24C2B1C882B8100DF59C9 /* 钥匙串.app */;
			productType = "com.apple.product-type.application";
		};
		36E24C431C882B8100DF59C9 /* 钥匙串Tests */ = {
			isa = PBXNativeTarget;
			buildConfigurationList = 36E24C5B1C882B8100DF59C9 /* Build configuration list for PBXNativeTarget "钥匙串Tests" */;
			buildPhases = (
				36E24C401C882B8100DF59C9 /* Sources */,
				36E24C411C882B8100DF59C9 /* Frameworks */,
				36E24C421C882B8100DF59C9 /* Resources */,
			);
			buildRules = (
			);
			dependencies = (
				36E24C461C882B8100DF59C9 /* PBXTargetDependency */,
			);
			name = "钥匙串Tests";
			productName = "钥匙串Tests";
			productReference = 36E24C441C882B8100DF59C9 /* 钥匙串Tests.xctest */;
			productType = "com.apple.product-type.bundle.unit-test";
		};
		36E24C4E1C882B8100DF59C9 /* 钥匙串UITests */ = {
			isa = PBXNativeTarget;
			buildConfigurationList = 36E24C5E1C882B8100DF59C9 /* Build configuration list for PBXNativeTarget "钥匙串UITests" */;
			buildPhases = (
				36E24C4B1C882B8100DF59C9 /* Sources */,
				36E24C4C1C882B8100DF59C9 /* Frameworks */,
				36E24C4D1C882B8100DF59C9 /* Resources */,
			);
			buildRules = (
			);
			dependencies = (
				36E24C511C882B8100DF59C9 /* PBXTargetDependency */,
			);
			name = "钥匙串UITests";
			productName = "钥匙串UITests";
			productReference = 36E24C4F1C882B8100DF59C9 /* 钥匙串UITests.xctest */;
			productType = "com.apple.product-type.bundle.ui-testing";
		};
/* End PBXNativeTarget section */

/* Begin PBXProject section */
		36E24C231C882B8100DF59C9 /* Project object */ = {
			isa = PBXProject;
			attributes = {
				LastUpgradeCheck = 0720;
				ORGANIZATIONNAME = "百校科技";
				TargetAttributes = {
					36E24C2A1C882B8100DF59C9 = {
						CreatedOnToolsVersion = 7.2;
					};
					36E24C431C882B8100DF59C9 = {
						CreatedOnToolsVersion = 7.2;
						TestTargetID = 36E24C2A1C882B8100DF59C9;
					};
					36E24C4E1C882B8100DF59C9 = {
						CreatedOnToolsVersion = 7.2;
						TestTargetID = 36E24C2A1C882B8100DF59C9;
					};
				};
			};
			buildConfigurationList = 36E24C261C882B8100DF59C9 /* Build configuration list for PBXProject "钥匙串" */;
			compatibilityVersion = "Xcode 3.2";
			developmentRegion = English;
			hasScannedForEncodings = 0;
			knownRegions = (
				en,
				Base,
			);
			mainGroup = 36E24C221C882B8100DF59C9;
			productRefGroup = 36E24C2C1C882B8100DF59C9 /* Products */;
			projectDirPath = "";
			projectRoot = "";
			targets = (
				36E24C2A1C882B8100DF59C9 /* 钥匙串 */,
				36E24C431C882B8100DF59C9 /* 钥匙串Tests */,
				36E24C4E1C882B8100DF59C9 /* 钥匙串UITests */,
			);
		};
/* End PBXProject section */

/* Begin PBXResourcesBuildPhase section */
		36E24C291C882B8100DF59C9 /* Resources */ = {
			isa = PBXResourcesBuildPhase;
			buildActionMask = 2147483647;
			files = (
				36E24C3E1C882B8100DF59C9 /* LaunchScreen.storyboard in Resources */,
				36E24C3B1C882B8100DF59C9 /* Assets.xcassets in Resources */,
				36E24C391C882B8100DF59C9 /* Main.storyboard in Resources */,
			);
			runOnlyForDeploymentPostprocessing = 0;
		};
		36E24C421C882B8100DF59C9 /* Resources */ = {
			isa = PBXResourcesBuildPhase;
			buildActionMask = 2147483647;
			files = (
			);
			runOnlyForDeploymentPostprocessing = 0;
		};
		36E24C4D1C882B8100DF59C9 /* Resources */ = {
			isa = PBXResourcesBuildPhase;
			buildActionMask = 2147483647;
			files = (
			);
			runOnlyForDeploymentPostprocessing = 0;
		};
/* End PBXResourcesBuildPhase section */

/* Begin PBXSourcesBuildPhase section */
		36E24C271C882B8100DF59C9 /* Sources */ = {
			isa = PBXSourcesBuildPhase;
			buildActionMask = 2147483647;
			files = (
				36E24C361C882B8100DF59C9 /* ViewController.m in Sources */,
				36E24C331C882B8100DF59C9 /* AppDelegate.m in Sources */,
				36E24C301C882B8100DF59C9 /* main.m in Sources */,
			);
			runOnlyForDeploymentPostprocessing = 0;
		};
		36E24C401C882B8100DF59C9 /* Sources */ = {
			isa = PBXSourcesBuildPhase;
			buildActionMask = 2147483647;
			files = (
				36E24C491C882B8100DF59C9 /* ___Tests.m in Sources */,
			);
			runOnlyForDeploymentPostprocessing = 0;
		};
		36E24C4B1C882B8100DF59C9 /* Sources */ = {
			isa = PBXSourcesBuildPhase;
			buildActionMask = 2147483647;
			files = (
				36E24C541C882B8100DF59C9 /* ___UITests.m in Sources */,
			);
			runOnlyForDeploymentPostprocessing = 0;
		};
/* End PBXSourcesBuildPhase section */

/* Begin PBXTargetDependency section */
		36E24C461C882B8100DF59C9 /* PBXTargetDependency */ = {
			isa = PBXTargetDependency;
			target = 36E24C2A1C882B8100DF59C9 /* 钥匙串 */;
			targetProxy = 36E24C451C882B8100DF59C9 /* PBXContainerItemProxy */;
		};
		36E24C511C882B8100DF59C9 /* PBXTargetDependency */ = {
			isa = PBXTargetDependency;
			target = 36E24C2A1C882B8100DF59C9 /* 钥匙串 */;
			targetProxy = 36E24C501C882B8100DF59C9 /* PBXContainerItemProxy */;
		};
/* End PBXTargetDependency section */

/* Begin PBXVariantGroup section */
		36E24C371C882B8100DF59C9 /* Main.storyboard */ = {
			isa = PBXVariantGroup;
			children = (
				36E24C381C882B8100DF59C9 /* Base */,
			);
			name = Main.storyboard;
			sourceTree = "<group>";
		};
		36E24C3C1C882B8100DF59C9 /* LaunchScreen.storyboard */ = {
			isa = PBXVariantGroup;
			children = (
				36E24C3D1C882B8100DF59C9 /* Base */,
			);
			name = LaunchScreen.storyboard;
			sourceTree = "<group>";
		};
/* End PBXVariantGroup section */

/* Begin XCBuildConfiguration section */
		36E24C561C882B8100DF59C9 /* Debug */ = {
			isa = XCBuildConfiguration;
			buildSettings = {
				ALWAYS_SEARCH_USER_PATHS = NO;
				CLANG_CXX_LANGUAGE_STANDARD = "gnu++0x";
				CLANG_CXX_LIBRARY = "libc++";
				CLANG_ENABLE_MODULES = YES;
				CLANG_ENABLE_OBJC_ARC = YES;
				CLANG_WARN_BOOL_CONVERSION = YES;
				CLANG_WARN_CONSTANT_CONVERSION = YES;
				CLANG_WARN_DIRECT_OBJC_ISA_USAGE = YES_ERROR;
				CLANG_WARN_EMPTY_BODY = YES;
				CLANG_WARN_ENUM_CONVERSION = YES;
				CLANG_WARN_INT_CONVERSION = YES;
				CLANG_WARN_OBJC_ROOT_CLASS = YES_ERROR;
				CLANG_WARN_UNREACHABLE_CODE = YES;
				CLANG_WARN__DUPLICATE_METHOD_MATCH = YES;
				"CODE_SIGN_IDENTITY[sdk=iphoneos*]" = "iPhone Developer";
				COPY_PHASE_STRIP = NO;
				DEBUG_INFORMATION_FORMAT = dwarf;
				ENABLE_STRICT_OBJC_MSGSEND = YES;
				ENABLE_TESTABILITY = YES;
				GCC_C_LANGUAGE_STANDARD = gnu99;
				GCC_DYNAMIC_NO_PIC = NO;
				GCC_NO_COMMON_BLOCKS = YES;
				GCC_OPTIMIZATION_LEVEL = 0;
				GCC_PREPROCESSOR_DEFINITIONS = (
					"DEBUG=1",
					"$(inherited)",
				);
				GCC_WARN_64_TO_32_BIT_CONVERSION = YES;
				GCC_WARN_ABOUT_RETURN_TYPE = YES_ERROR;
				GCC_WARN_UNDECLARED_SELECTOR = YES;
				GCC_WARN_UNINITIALIZED_AUTOS = YES_AGGRESSIVE;
				GCC_WARN_UNUSED_FUNCTION = YES;
				GCC_WARN_UNUSED_VARIABLE = YES;
				IPHONEOS_DEPLOYMENT_TARGET = 9.2;
				MTL_ENABLE_DEBUG_INFO = YES;
				ONLY_ACTIVE_ARCH = YES;
				SDKROOT = iphoneos;
			};
			name = Debug;
		};
		36E24C571C882B8100DF59C9 /* Release */ = {
			isa = XCBuildConfiguration;
			buildSettings = {
				ALWAYS_SEARCH_USER_PATHS = NO;
				CLANG_CXX_LANGUAGE_STANDARD = "gnu++0x";
				CLANG_CXX_LIBRARY = "libc++";
				CLANG_ENABLE_MODULES = YES;
				CLANG_ENABLE_OBJC_ARC = YES;
				CLANG_WARN_BOOL_CONVERSION = YES;
				CLANG_WARN_CONSTANT_CONVERSION = YES;
				CLANG_WARN_DIRECT_OBJC_ISA_USAGE = YES_ERROR;
				CLANG_WARN_EMPTY_BODY = YES;
				CLANG_WARN_ENUM_CONVERSION = YES;
				CLANG_WARN_INT_CONVERSION = YES;
				CLANG_WARN_OBJC_ROOT_CLASS = YES_ERROR;
				CLANG_WARN_UNREACHABLE_CODE = YES;
				CLANG_WARN__DUPLICATE_METHOD_MATCH = YES;
				"CODE_SIGN_IDENTITY[sdk=iphoneos*]" = "iPhone Developer";
				COPY_PHASE_STRIP = NO;
				DEBUG_INFORMATION_FORMAT = "dwarf-with-dsym";
				ENABLE_NS_ASSERTIONS = NO;
				ENABLE_STRICT_OBJC_MSGSEND = YES;
				GCC_C_LANGUAGE_STANDARD = gnu99;
				GCC_NO_COMMON_BLOCKS = YES;
				GCC_WARN_64_TO_32_BIT_CONVERSION = YES;
				GCC_WARN_ABOUT_RETURN_TYPE = YES_ERROR;
				GCC_WARN_UNDECLARED_SELECTOR = YES;
				GCC_WARN_UNINITIALIZED_AUTOS = YES_AGGRESSIVE;
				GCC_WARN_UNUSED_FUNCTION = YES;
				GCC_WARN_UNUSED_VARIABLE = YES;
				IPHONEOS_DEPLOYMENT_TARGET = 9.2;
				MTL_ENABLE_DEBUG_INFO = NO;
				SDKROOT = iphoneos;
				VALIDATE_PRODUCT = YES;
			};
			name = Release;
		};
		36E24C591C882B8100DF59C9 /* Debug */ = {
			isa = XCBuildConfiguration;
			buildSettings = {
				ASSETCATALOG_COMPILER_APPICON_NAME = AppIcon;
				INFOPLIST_FILE = "钥匙串/Info.plist";
				LD_RUNPATH_SEARCH_PATHS = "$(inherited) @executable_path/Frameworks";
				PRODUCT_BUNDLE_IDENTIFIER = "com.bxkj.---";
				PRODUCT_NAME = "$(TARGET_NAME)";
			};
			name = Debug;
		};
		36E24C5A1C882B8100DF59C9 /* Release */ = {
			isa = XCBuildConfiguration;
			buildSettings = {
				ASSETCATALOG_COMPILER_APPICON_NAME = AppIcon;
				INFOPLIST_FILE = "钥匙串/Info.plist";
				LD_RUNPATH_SEARCH_PATHS = "$(inherited) @executable_path/Frameworks";
				PRODUCT_BUNDLE_IDENTIFIER = "com.bxkj.---";
				PRODUCT_NAME = "$(TARGET_NAME)";
			};
			name = Release;
		};
		36E24C5C1C882B8100DF59C9 /* Debug */ = {
			isa = XCBuildConfiguration;
			buildSettings = {
				BUNDLE_LOADER = "$(TEST_HOST)";
				INFOPLIST_FILE = "钥匙串Tests/Info.plist";
				LD_RUNPATH_SEARCH_PATHS = "$(inherited) @executable_path/Frameworks @loader_path/Frameworks";
				PRODUCT_BUNDLE_IDENTIFIER = "com.bxkj.---Tests";
				PRODUCT_NAME = "$(TARGET_NAME)";
				TEST_HOST = "$(BUILT_PRODUCTS_DIR)/钥匙串.app/钥匙串";
			};
			name = Debug;
		};
		36E24C5D1C882B8100DF59C9 /* Release */ = {
			isa = XCBuildConfiguration;
			buildSettings = {
				BUNDLE_LOADER = "$(TEST_HOST)";
				INFOPLIST_FILE = "钥匙串Tests/Info.plist";
				LD_RUNPATH_SEARCH_PATHS = "$(inherited) @executable_path/Frameworks @loader_path/Frameworks";
				PRODUCT_BUNDLE_IDENTIFIER = "com.bxkj.---Tests";
				PRODUCT_NAME = "$(TARGET_NAME)";
				TEST_HOST = "$(BUILT_PRODUCTS_DIR)/钥匙串.app/钥匙串";
			};
			name = Release;
		};
		36E24C5F1C882B8100DF59C9 /* Debug */ = {
			isa = XCBuildConfiguration;
			buildSettings = {
				INFOPLIST_FILE = "钥匙串UITests/Info.plist";
				LD_RUNPATH_SEARCH_PATHS = "$(inherited) @executable_path/Frameworks @loader_path/Frameworks";
				PRODUCT_BUNDLE_IDENTIFIER = "com.bxkj.---UITests";
				PRODUCT_NAME = "$(TARGET_NAME)";
				TEST_TARGET_NAME = "钥匙串";
				USES_XCTRUNNER = YES;
			};
			name = Debug;
		};
		36E24C601C882B8100DF59C9 /* Release */ = {
			isa = XCBuildConfiguration;
			buildSettings = {
				INFOPLIST_FILE = "钥匙串UITests/Info.plist";
				LD_RUNPATH_SEARCH_PATHS = "$(inherited) @executable_path/Frameworks @loader_path/Frameworks";
				PRODUCT_BUNDLE_IDENTIFIER = "com.bxkj.---UITests";
				PRODUCT_NAME = "$(TARGET_NAME)";
				TEST_TARGET_NAME = "钥匙串";
				USES_XCTRUNNER = YES;
			};
			name = Release;
		};
/* End XCBuildConfiguration section */

/* Begin XCConfigurationList section */
		36E24C261C882B8100DF59C9 /* Build configuration list for PBXProject "钥匙串" */ = {
			isa = XCConfigurationList;
			buildConfigurations = (
				36E24C561C882B8100DF59C9 /* Debug */,
				36E24C571C882B8100DF59C9 /* Release */,
			);
			defaultConfigurationIsVisible = 0;
			defaultConfigurationName = Release;
		};
		36E24C581C882B8100DF59C9 /* Build configuration list for PBXNativeTarget "钥匙串" */ = {
			isa = XCConfigurationList;
			buildConfigurations = (
				36E24C591C882B8100DF59C9 /* Debug */,
				36E24C5A1C882B8100DF59C9 /* Release */,
			);
			defaultConfigurationIsVisible = 0;
		};
		36E24C5B1C882B8100DF59C9 /* Build configuration list for PBXNativeTarget "钥匙串Tests" */ = {
			isa = XCConfigurationList;
			buildConfigurations = (
				36E24C5C1C882B8100DF59C9 /* Debug */,
				36E24C5D1C882B8100DF59C9 /* Release */,
			);
			defaultConfigurationIsVisible = 0;
		};
		36E24C5E1C882B8100DF59C9 /* Build configuration list for PBXNativeTarget "钥匙串UITests" */ = {
			isa = XCConfigurationList;
			buildConfigurations = (
				36E24C5F1C882B8100DF59C9 /* Debug */,
				36E24C601C882B8100DF59C9 /* Release */,
			);
			defaultConfigurationIsVisible = 0;
		};
/* End XCConfigurationList section */
	};
	rootObject = 36E24C231C882B8100DF59C9 /* Project object */;
}
